
Microsoft Visual Studio Solution File, Format Version 12.00
# Visual Studio 2013
VisualStudioVersion = 12.0.40629.0
MinimumVisualStudioVersion = 10.0.40219.1
Project("{FAE04EC0-301F-11D3-BF4B-00C04F79EFBC}") = "TCC.CL.Web", "TCC.CL.Web\TCC.CL.Web.csproj", "{A3A52718-5AB6-4B7D-9EF4-DEB55B50EE1A}"
EndProject
Project("{2150E333-8FDC-42A3-9474-1A3956D46DE8}") = ".nuget", ".nuget", "{431AABEB-B8A4-4991-88D2-324EFC87DB9C}"
	ProjectSection(SolutionItems) = preProject
		.nuget\NuGet.Config = .nuget\NuGet.Config
		.nuget\NuGet.exe = .nuget\NuGet.exe
		.nuget\NuGet.targets = .nuget\NuGet.targets
	EndProjectSection
EndProject
Project("{FAE04EC0-301F-11D3-BF4B-00C04F79EFBC}") = "TCC.CL.Core", "TCC.CL.Core\TCC.CL.Core.csproj", "{E5EBA5CB-EC30-4F69-9DEE-D3D550C058AD}"
EndProject
Project("{FAE04EC0-301F-11D3-BF4B-00C04F79EFBC}") = "TCC.CL.Core.Test", "TCC.CL.Core.Test\TCC.CL.Core.Test.csproj", "{5D444979-626E-4616-A513-DB1E054BC2D0}"
EndProject
Global
	GlobalSection(TeamFoundationVersionControl) = preSolution
		SccNumberOfProjects = 4
		SccEnterpriseProvider = {4CA58AB2-18FA-4F8D-95D4-32DDF27D184C}
		SccTeamFoundationServer = https://cuzinhalivre.visualstudio.com/
		SccLocalPath0 = .
		SccProjectUniqueName1 = TCC.CL.Core.Test\\TCC.CL.Core.Test.csproj
		SccProjectName1 = TCC.CL.Core.Test
		SccLocalPath1 = TCC.CL.Core.Test
		SccProjectUniqueName2 = TCC.CL.Core\\TCC.CL.Core.csproj
		SccProjectName2 = TCC.CL.Core
		SccLocalPath2 = TCC.CL.Core
		SccProjectUniqueName3 = TCC.CL.Web\\TCC.CL.Web.csproj
		SccProjectName3 = TCC.CL.Web
		SccLocalPath3 = TCC.CL.Web
	EndGlobalSection
	GlobalSection(SolutionConfigurationPlatforms) = preSolution
		Debug|Any CPU = Debug|Any CPU
		Release|Any CPU = Release|Any CPU
	EndGlobalSection
	GlobalSection(ProjectConfigurationPlatforms) = postSolution
		{A3A52718-5AB6-4B7D-9EF4-DEB55B50EE1A}.Debug|Any CPU.ActiveCfg = Debug|Any CPU
		{A3A52718-5AB6-4B7D-9EF4-DEB55B50EE1A}.Debug|Any CPU.Build.0 = Debug|Any CPU
		{A3A52718-5AB6-4B7D-9EF4-DEB55B50EE1A}.Release|Any CPU.ActiveCfg = Release|Any CPU
		{A3A52718-5AB6-4B7D-9EF4-DEB55B50EE1A}.Release|Any CPU.Build.0 = Release|Any CPU
		{E5EBA5CB-EC30-4F69-9DEE-D3D550C058AD}.Debug|Any CPU.ActiveCfg = Debug|Any CPU
		{E5EBA5CB-EC30-4F69-9DEE-D3D550C058AD}.Debug|Any CPU.Build.0 = Debug|Any CPU
		{E5EBA5CB-EC30-4F69-9DEE-D3D550C058AD}.Release|Any CPU.ActiveCfg = Release|Any CPU
		{E5EBA5CB-EC30-4F69-9DEE-D3D550C058AD}.Release|Any CPU.Build.0 = Release|Any CPU
		{5D444979-626E-4616-A513-DB1E054BC2D0}.Debug|Any CPU.ActiveCfg = Debug|Any CPU
		{5D444979-626E-4616-A513-DB1E054BC2D0}.Debug|Any CPU.Build.0 = Debug|Any CPU
		{5D444979-626E-4616-A513-DB1E054BC2D0}.Release|Any CPU.ActiveCfg = Release|Any CPU
		{5D444979-626E-4616-A513-DB1E054BC2D0}.Release|Any CPU.Build.0 = Release|Any CPU
	EndGlobalSection
	GlobalSection(SolutionProperties) = preSolution
		HideSolutionNode = FALSE
	EndGlobalSection
EndGlobal
